
Microsoft Visual Studio Solution File, Format Version 12.00
# Visual Studio Version 16
VisualStudioVersion = 16.0.30011.22
MinimumVisualStudioVersion = 10.0.40219.1
Project("{8BC9CEB8-8B4A-11D0-8D11-00A0C91BC942}") = "OOP_makes_me_cry", "OOP_makes_me_cry\OOP_makes_me_cry.vcxproj", "{B6AE3E1D-B688-45D1-A8EE-2E94AEB51EDB}"
EndProject
Global
	GlobalSection(SolutionConfigurationPlatforms) = preSolution
		Debug|x64 = Debug|x64
		Debug|x86 = Debug|x86
		Release|x64 = Release|x64
		Release|x86 = Release|x86
	EndGlobalSection
	GlobalSection(ProjectConfigurationPlatforms) = postSolution
		{B6AE3E1D-B688-45D1-A8EE-2E94AEB51EDB}.Debug|x64.ActiveCfg = Debug|x64
		{B6AE3E1D-B688-45D1-A8EE-2E94AEB51EDB}.Debug|x64.Build.0 = Debug|x64
		{B6AE3E1D-B688-45D1-A8EE-2E94AEB51EDB}.Debug|x86.ActiveCfg = Debug|Win32
		{B6AE3E1D-B688-45D1-A8EE-2E94AEB51EDB}.Debug|x86.Build.0 = Debug|Win32
		{B6AE3E1D-B688-45D1-A8EE-2E94AEB51EDB}.Release|x64.ActiveCfg = Release|x64
		{B6AE3E1D-B688-45D1-A8EE-2E94AEB51EDB}.Release|x64.Build.0 = Release|x64
		{B6AE3E1D-B688-45D1-A8EE-2E94AEB51EDB}.Release|x86.ActiveCfg = Release|Win32
		{B6AE3E1D-B688-45D1-A8EE-2E94AEB51EDB}.Release|x86.Build.0 = Release|Win32
	EndGlobalSection
	GlobalSection(SolutionProperties) = preSolution
		HideSolutionNode = FALSE
	EndGlobalSection
	GlobalSection(ExtensibilityGlobals) = postSolution
		SolutionGuid = {8FCE2EDE-8233-4AFE-A4C4-3DDAA99B336F}
	EndGlobalSection
EndGlobal
